// !$*UTF8*$!
{
	archiveVersion = 1;
	classes = {
	};
	objectVersion = 46;
	objects = {

/* Begin PBXBuildFile section */
		F20C4600B20C3D0D009BE7AB /* Pods_Weather.framework in Frameworks */ = {isa = PBXBuildFile; fileRef = ED4452AD444C6A2134B4E3E1 /* Pods_Weather.framework */; };
		F408761D1E1D508B003BF9A9 /* AppDelegate.swift in Sources */ = {isa = PBXBuildFile; fileRef = F408761C1E1D508B003BF9A9 /* AppDelegate.swift */; };
		F40876221E1D508B003BF9A9 /* Main.storyboard in Resources */ = {isa = PBXBuildFile; fileRef = F40876201E1D508B003BF9A9 /* Main.storyboard */; };
		F40876241E1D508B003BF9A9 /* Assets.xcassets in Resources */ = {isa = PBXBuildFile; fileRef = F40876231E1D508B003BF9A9 /* Assets.xcassets */; };
		F40876271E1D508B003BF9A9 /* LaunchScreen.storyboard in Resources */ = {isa = PBXBuildFile; fileRef = F40876251E1D508B003BF9A9 /* LaunchScreen.storyboard */; };
		F40876341E1D62FC003BF9A9 /* Forecast.swift in Sources */ = {isa = PBXBuildFile; fileRef = F40876331E1D62FC003BF9A9 /* Forecast.swift */; };
		F41DE1771E1E9CC90026F22E /* Weather.swift in Sources */ = {isa = PBXBuildFile; fileRef = F41DE1761E1E9CC90026F22E /* Weather.swift */; };
		F41DE17A1E1EAE170026F22E /* Constant.swift in Sources */ = {isa = PBXBuildFile; fileRef = F41DE1791E1EAE170026F22E /* Constant.swift */; };
		F4E2A1BA1E1FA6910073A9EA /* ForecastTableViewCell.swift in Sources */ = {isa = PBXBuildFile; fileRef = F4E2A1B81E1FA6910073A9EA /* ForecastTableViewCell.swift */; };
		F4E2A1BB1E1FA6910073A9EA /* ForecastTableViewCell.xib in Resources */ = {isa = PBXBuildFile; fileRef = F4E2A1B91E1FA6910073A9EA /* ForecastTableViewCell.xib */; };
		F4E2A1BD1E1FA71D0073A9EA /* ASTableViewCell.swift in Sources */ = {isa = PBXBuildFile; fileRef = F4E2A1BC1E1FA71D0073A9EA /* ASTableViewCell.swift */; };
		F4E2A1BF1E1FA9640073A9EA /* ForecastCellViewModel.swift in Sources */ = {isa = PBXBuildFile; fileRef = F4E2A1BE1E1FA9640073A9EA /* ForecastCellViewModel.swift */; };
		F4F2D45F1E1E3EED008BE1D1 /* WeatherViewController.swift in Sources */ = {isa = PBXBuildFile; fileRef = F4F2D45E1E1E3EED008BE1D1 /* WeatherViewController.swift */; };
		F4F2D4611E1E3F77008BE1D1 /* WeatherViewModel.swift in Sources */ = {isa = PBXBuildFile; fileRef = F4F2D4601E1E3F77008BE1D1 /* WeatherViewModel.swift */; };
		F4F2D4641E1E8708008BE1D1 /* APIManager.swift in Sources */ = {isa = PBXBuildFile; fileRef = F4F2D4631E1E8708008BE1D1 /* APIManager.swift */; };
/* End PBXBuildFile section */

/* Begin PBXFileReference section */
		935344F18BF9F35A0B45B985 /* Pods-Weather.debug.xcconfig */ = {isa = PBXFileReference; includeInIndex = 1; lastKnownFileType = text.xcconfig; name = "Pods-Weather.debug.xcconfig"; path = "Pods/Target Support Files/Pods-Weather/Pods-Weather.debug.xcconfig"; sourceTree = "<group>"; };
		A9EF98C5C9659F6D8548D006 /* Pods-Weather.release.xcconfig */ = {isa = PBXFileReference; includeInIndex = 1; lastKnownFileType = text.xcconfig; name = "Pods-Weather.release.xcconfig"; path = "Pods/Target Support Files/Pods-Weather/Pods-Weather.release.xcconfig"; sourceTree = "<group>"; };
		ED4452AD444C6A2134B4E3E1 /* Pods_Weather.framework */ = {isa = PBXFileReference; explicitFileType = wrapper.framework; includeInIndex = 0; path = Pods_Weather.framework; sourceTree = BUILT_PRODUCTS_DIR; };
		F40876191E1D508B003BF9A9 /* Weather.app */ = {isa = PBXFileReference; explicitFileType = wrapper.application; includeInIndex = 0; path = Weather.app; sourceTree = BUILT_PRODUCTS_DIR; };
		F408761C1E1D508B003BF9A9 /* AppDelegate.swift */ = {isa = PBXFileReference; lastKnownFileType = sourcecode.swift; path = AppDelegate.swift; sourceTree = "<group>"; };
		F40876211E1D508B003BF9A9 /* Base */ = {isa = PBXFileReference; lastKnownFileType = file.storyboard; name = Base; path = Base.lproj/Main.storyboard; sourceTree = "<group>"; };
		F40876231E1D508B003BF9A9 /* Assets.xcassets */ = {isa = PBXFileReference; lastKnownFileType = folder.assetcatalog; path = Assets.xcassets; sourceTree = "<group>"; };
		F40876261E1D508B003BF9A9 /* Base */ = {isa = PBXFileReference; lastKnownFileType = file.storyboard; name = Base; path = Base.lproj/LaunchScreen.storyboard; sourceTree = "<group>"; };
		F40876281E1D508B003BF9A9 /* Info.plist */ = {isa = PBXFileReference; lastKnownFileType = text.plist.xml; path = Info.plist; sourceTree = "<group>"; };
		F40876331E1D62FC003BF9A9 /* Forecast.swift */ = {isa = PBXFileReference; fileEncoding = 4; lastKnownFileType = sourcecode.swift; path = Forecast.swift; sourceTree = "<group>"; };
		F41DE1761E1E9CC90026F22E /* Weather.swift */ = {isa = PBXFileReference; fileEncoding = 4; lastKnownFileType = sourcecode.swift; path = Weather.swift; sourceTree = "<group>"; };
		F41DE1791E1EAE170026F22E /* Constant.swift */ = {isa = PBXFileReference; fileEncoding = 4; lastKnownFileType = sourcecode.swift; path = Constant.swift; sourceTree = "<group>"; };
		F4E2A1B81E1FA6910073A9EA /* ForecastTableViewCell.swift */ = {isa = PBXFileReference; fileEncoding = 4; lastKnownFileType = sourcecode.swift; name = ForecastTableViewCell.swift; path = View/ForecastTableViewCell.swift; sourceTree = "<group>"; };
		F4E2A1B91E1FA6910073A9EA /* ForecastTableViewCell.xib */ = {isa = PBXFileReference; fileEncoding = 4; lastKnownFileType = file.xib; name = ForecastTableViewCell.xib; path = View/ForecastTableViewCell.xib; sourceTree = "<group>"; };
		F4E2A1BC1E1FA71D0073A9EA /* ASTableViewCell.swift */ = {isa = PBXFileReference; fileEncoding = 4; lastKnownFileType = sourcecode.swift; name = ASTableViewCell.swift; path = View/ASTableViewCell.swift; sourceTree = "<group>"; };
		F4E2A1BE1E1FA9640073A9EA /* ForecastCellViewModel.swift */ = {isa = PBXFileReference; fileEncoding = 4; lastKnownFileType = sourcecode.swift; path = ForecastCellViewModel.swift; sourceTree = "<group>"; };
		F4F2D45E1E1E3EED008BE1D1 /* WeatherViewController.swift */ = {isa = PBXFileReference; fileEncoding = 4; lastKnownFileType = sourcecode.swift; path = WeatherViewController.swift; sourceTree = "<group>"; };
		F4F2D4601E1E3F77008BE1D1 /* WeatherViewModel.swift */ = {isa = PBXFileReference; fileEncoding = 4; lastKnownFileType = sourcecode.swift; path = WeatherViewModel.swift; sourceTree = "<group>"; };
		F4F2D4631E1E8708008BE1D1 /* APIManager.swift */ = {isa = PBXFileReference; fileEncoding = 4; lastKnownFileType = sourcecode.swift; name = APIManager.swift; path = APIManager/APIManager.swift; sourceTree = "<group>"; };
/* End PBXFileReference section */

/* Begin PBXFrameworksBuildPhase section */
		F40876161E1D508B003BF9A9 /* Frameworks */ = {
			isa = PBXFrameworksBuildPhase;
			buildActionMask = 2147483647;
			files = (
				F20C4600B20C3D0D009BE7AB /* Pods_Weather.framework in Frameworks */,
			);
			runOnlyForDeploymentPostprocessing = 0;
		};
/* End PBXFrameworksBuildPhase section */

/* Begin PBXGroup section */
		795EF18DEEB83F1B605D1C6A /* Frameworks */ = {
			isa = PBXGroup;
			children = (
				ED4452AD444C6A2134B4E3E1 /* Pods_Weather.framework */,
			);
			name = Frameworks;
			sourceTree = "<group>";
		};
		CEE644201B82033F9334CA7B /* Pods */ = {
			isa = PBXGroup;
			children = (
				935344F18BF9F35A0B45B985 /* Pods-Weather.debug.xcconfig */,
				A9EF98C5C9659F6D8548D006 /* Pods-Weather.release.xcconfig */,
			);
			name = Pods;
			sourceTree = "<group>";
		};
		F40876101E1D508B003BF9A9 = {
			isa = PBXGroup;
			children = (
				F408761B1E1D508B003BF9A9 /* Weather */,
				F408761A1E1D508B003BF9A9 /* Products */,
				CEE644201B82033F9334CA7B /* Pods */,
				795EF18DEEB83F1B605D1C6A /* Frameworks */,
			);
			sourceTree = "<group>";
		};
		F408761A1E1D508B003BF9A9 /* Products */ = {
			isa = PBXGroup;
			children = (
				F40876191E1D508B003BF9A9 /* Weather.app */,
			);
			name = Products;
			sourceTree = "<group>";
		};
		F408761B1E1D508B003BF9A9 /* Weather */ = {
			isa = PBXGroup;
			children = (
				F408761C1E1D508B003BF9A9 /* AppDelegate.swift */,
				F40876201E1D508B003BF9A9 /* Main.storyboard */,
				F40876251E1D508B003BF9A9 /* LaunchScreen.storyboard */,
				F408762F1E1D5F05003BF9A9 /* Model */,
				F40876311E1D5F49003BF9A9 /* ViewModel */,
				F40876321E1D5F4F003BF9A9 /* Controller */,
				F4F2D4621E1E86EE008BE1D1 /* Manager */,
				F4E2A1B71E1FA6610073A9EA /* View */,
				F41DE1791E1EAE170026F22E /* Constant.swift */,
				F40876231E1D508B003BF9A9 /* Assets.xcassets */,
				F40876281E1D508B003BF9A9 /* Info.plist */,
			);
			path = Weather;
			sourceTree = "<group>";
		};
		F408762F1E1D5F05003BF9A9 /* Model */ = {
			isa = PBXGroup;
			children = (
				F40876331E1D62FC003BF9A9 /* Forecast.swift */,
				F41DE1761E1E9CC90026F22E /* Weather.swift */,
			);
			path = Model;
			sourceTree = "<group>";
		};
		F40876311E1D5F49003BF9A9 /* ViewModel */ = {
			isa = PBXGroup;
			children = (
				F4F2D4601E1E3F77008BE1D1 /* WeatherViewModel.swift */,
				F4E2A1BE1E1FA9640073A9EA /* ForecastCellViewModel.swift */,
			);
			path = ViewModel;
			sourceTree = "<group>";
		};
		F40876321E1D5F4F003BF9A9 /* Controller */ = {
			isa = PBXGroup;
			children = (
				F4F2D45E1E1E3EED008BE1D1 /* WeatherViewController.swift */,
			);
			path = Controller;
			sourceTree = "<group>";
		};
		F4E2A1B71E1FA6610073A9EA /* View */ = {
			isa = PBXGroup;
			children = (
				F4E2A1BC1E1FA71D0073A9EA /* ASTableViewCell.swift */,
				F4E2A1B81E1FA6910073A9EA /* ForecastTableViewCell.swift */,
				F4E2A1B91E1FA6910073A9EA /* ForecastTableViewCell.xib */,
			);
			name = View;
			sourceTree = "<group>";
		};
		F4F2D4621E1E86EE008BE1D1 /* Manager */ = {
			isa = PBXGroup;
			children = (
				F4F2D4631E1E8708008BE1D1 /* APIManager.swift */,
			);
			name = Manager;
			sourceTree = "<group>";
		};
/* End PBXGroup section */

/* Begin PBXNativeTarget section */
		F40876181E1D508B003BF9A9 /* Weather */ = {
			isa = PBXNativeTarget;
			buildConfigurationList = F408762B1E1D508B003BF9A9 /* Build configuration list for PBXNativeTarget "Weather" */;
			buildPhases = (
				7C2BA27B2473E64FAD5327D1 /* [CP] Check Pods Manifest.lock */,
				F40876151E1D508B003BF9A9 /* Sources */,
				F40876161E1D508B003BF9A9 /* Frameworks */,
				F40876171E1D508B003BF9A9 /* Resources */,
				610C490CC06BF631ABF5F93B /* [CP] Embed Pods Frameworks */,
				F449DABD218909934CFB36C2 /* [CP] Copy Pods Resources */,
			);
			buildRules = (
			);
			dependencies = (
			);
			name = Weather;
			productName = Weather;
			productReference = F40876191E1D508B003BF9A9 /* Weather.app */;
			productType = "com.apple.product-type.application";
		};
/* End PBXNativeTarget section */

/* Begin PBXProject section */
		F40876111E1D508B003BF9A9 /* Project object */ = {
			isa = PBXProject;
			attributes = {
				LastSwiftUpdateCheck = 0820;
				LastUpgradeCheck = 0820;
				ORGANIZATIONNAME = "Stéhane Azzopardi AE";
				TargetAttributes = {
					F40876181E1D508B003BF9A9 = {
						CreatedOnToolsVersion = 8.2.1;
						DevelopmentTeam = 2J52VZUHYB;
						ProvisioningStyle = Automatic;
					};
				};
			};
			buildConfigurationList = F40876141E1D508B003BF9A9 /* Build configuration list for PBXProject "Weather" */;
			compatibilityVersion = "Xcode 3.2";
			developmentRegion = English;
			hasScannedForEncodings = 0;
			knownRegions = (
				en,
				Base,
			);
			mainGroup = F40876101E1D508B003BF9A9;
			productRefGroup = F408761A1E1D508B003BF9A9 /* Products */;
			projectDirPath = "";
			projectRoot = "";
			targets = (
				F40876181E1D508B003BF9A9 /* Weather */,
			);
		};
/* End PBXProject section */

/* Begin PBXResourcesBuildPhase section */
		F40876171E1D508B003BF9A9 /* Resources */ = {
			isa = PBXResourcesBuildPhase;
			buildActionMask = 2147483647;
			files = (
				F4E2A1BB1E1FA6910073A9EA /* ForecastTableViewCell.xib in Resources */,
				F40876271E1D508B003BF9A9 /* LaunchScreen.storyboard in Resources */,
				F40876241E1D508B003BF9A9 /* Assets.xcassets in Resources */,
				F40876221E1D508B003BF9A9 /* Main.storyboard in Resources */,
			);
			runOnlyForDeploymentPostprocessing = 0;
		};
/* End PBXResourcesBuildPhase section */

/* Begin PBXShellScriptBuildPhase section */
		610C490CC06BF631ABF5F93B /* [CP] Embed Pods Frameworks */ = {
			isa = PBXShellScriptBuildPhase;
			buildActionMask = 2147483647;
			files = (
			);
			inputPaths = (
			);
			name = "[CP] Embed Pods Frameworks";
			outputPaths = (
			);
			runOnlyForDeploymentPostprocessing = 0;
			shellPath = /bin/sh;
			shellScript = "\"${SRCROOT}/Pods/Target Support Files/Pods-Weather/Pods-Weather-frameworks.sh\"\n";
			showEnvVarsInLog = 0;
		};
		7C2BA27B2473E64FAD5327D1 /* [CP] Check Pods Manifest.lock */ = {
			isa = PBXShellScriptBuildPhase;
			buildActionMask = 2147483647;
			files = (
			);
			inputPaths = (
			);
			name = "[CP] Check Pods Manifest.lock";
			outputPaths = (
			);
			runOnlyForDeploymentPostprocessing = 0;
			shellPath = /bin/sh;
			shellScript = "diff \"${PODS_ROOT}/../Podfile.lock\" \"${PODS_ROOT}/Manifest.lock\" > /dev/null\nif [ $? != 0 ] ; then\n    # print error to STDERR\n    echo \"error: The sandbox is not in sync with the Podfile.lock. Run 'pod install' or update your CocoaPods installation.\" >&2\n    exit 1\nfi\n";
			showEnvVarsInLog = 0;
		};
		F449DABD218909934CFB36C2 /* [CP] Copy Pods Resources */ = {
			isa = PBXShellScriptBuildPhase;
			buildActionMask = 2147483647;
			files = (
			);
			inputPaths = (
			);
			name = "[CP] Copy Pods Resources";
			outputPaths = (
			);
			runOnlyForDeploymentPostprocessing = 0;
			shellPath = /bin/sh;
			shellScript = "\"${SRCROOT}/Pods/Target Support Files/Pods-Weather/Pods-Weather-resources.sh\"\n";
			showEnvVarsInLog = 0;
		};
/* End PBXShellScriptBuildPhase section */

/* Begin PBXSourcesBuildPhase section */
		F40876151E1D508B003BF9A9 /* Sources */ = {
			isa = PBXSourcesBuildPhase;
			buildActionMask = 2147483647;
			files = (
				F4E2A1BA1E1FA6910073A9EA /* ForecastTableViewCell.swift in Sources */,
				F41DE17A1E1EAE170026F22E /* Constant.swift in Sources */,
				F40876341E1D62FC003BF9A9 /* Forecast.swift in Sources */,
				F4F2D4611E1E3F77008BE1D1 /* WeatherViewModel.swift in Sources */,
				F4F2D4641E1E8708008BE1D1 /* APIManager.swift in Sources */,
				F4F2D45F1E1E3EED008BE1D1 /* WeatherViewController.swift in Sources */,
				F41DE1771E1E9CC90026F22E /* Weather.swift in Sources */,
				F4E2A1BD1E1FA71D0073A9EA /* ASTableViewCell.swift in Sources */,
				F408761D1E1D508B003BF9A9 /* AppDelegate.swift in Sources */,
				F4E2A1BF1E1FA9640073A9EA /* ForecastCellViewModel.swift in Sources */,
			);
			runOnlyForDeploymentPostprocessing = 0;
		};
/* End PBXSourcesBuildPhase section */

/* Begin PBXVariantGroup section */
		F40876201E1D508B003BF9A9 /* Main.storyboard */ = {
			isa = PBXVariantGroup;
			children = (
				F40876211E1D508B003BF9A9 /* Base */,
			);
			name = Main.storyboard;
			path = .;
			sourceTree = "<group>";
		};
		F40876251E1D508B003BF9A9 /* LaunchScreen.storyboard */ = {
			isa = PBXVariantGroup;
			children = (
				F40876261E1D508B003BF9A9 /* Base */,
			);
			name = LaunchScreen.storyboard;
			path = .;
			sourceTree = "<group>";
		};
/* End PBXVariantGroup section */

/* Begin XCBuildConfiguration section */
		F40876291E1D508B003BF9A9 /* Debug */ = {
			isa = XCBuildConfiguration;
			buildSettings = {
				ALWAYS_SEARCH_USER_PATHS = NO;
				CLANG_ANALYZER_NONNULL = YES;
				CLANG_CXX_LANGUAGE_STANDARD = "gnu++0x";
				CLANG_CXX_LIBRARY = "libc++";
				CLANG_ENABLE_MODULES = YES;
				CLANG_ENABLE_OBJC_ARC = YES;
				CLANG_WARN_BOOL_CONVERSION = YES;
				CLANG_WARN_CONSTANT_CONVERSION = YES;
				CLANG_WARN_DIRECT_OBJC_ISA_USAGE = YES_ERROR;
				CLANG_WARN_DOCUMENTATION_COMMENTS = YES;
				CLANG_WARN_EMPTY_BODY = YES;
				CLANG_WARN_ENUM_CONVERSION = YES;
				CLANG_WARN_INFINITE_RECURSION = YES;
				CLANG_WARN_INT_CONVERSION = YES;
				CLANG_WARN_OBJC_ROOT_CLASS = YES_ERROR;
				CLANG_WARN_SUSPICIOUS_MOVE = YES;
				CLANG_WARN_UNREACHABLE_CODE = YES;
				CLANG_WARN__DUPLICATE_METHOD_MATCH = YES;
				"CODE_SIGN_IDENTITY[sdk=iphoneos*]" = "iPhone Developer";
				COPY_PHASE_STRIP = NO;
				DEBUG_INFORMATION_FORMAT = dwarf;
				ENABLE_STRICT_OBJC_MSGSEND = YES;
				ENABLE_TESTABILITY = YES;
				GCC_C_LANGUAGE_STANDARD = gnu99;
				GCC_DYNAMIC_NO_PIC = NO;
				GCC_NO_COMMON_BLOCKS = YES;
				GCC_OPTIMIZATION_LEVEL = 0;
				GCC_PREPROCESSOR_DEFINITIONS = (
					"DEBUG=1",
					"$(inherited)",
				);
				GCC_WARN_64_TO_32_BIT_CONVERSION = YES;
				GCC_WARN_ABOUT_RETURN_TYPE = YES_ERROR;
				GCC_WARN_UNDECLARED_SELECTOR = YES;
				GCC_WARN_UNINITIALIZED_AUTOS = YES_AGGRESSIVE;
				GCC_WARN_UNUSED_FUNCTION = YES;
				GCC_WARN_UNUSED_VARIABLE = YES;
				IPHONEOS_DEPLOYMENT_TARGET = 9.0;
				MTL_ENABLE_DEBUG_INFO = YES;
				ONLY_ACTIVE_ARCH = YES;
				SDKROOT = iphoneos;
				SWIFT_ACTIVE_COMPILATION_CONDITIONS = DEBUG;
				SWIFT_OPTIMIZATION_LEVEL = "-Onone";
				TARGETED_DEVICE_FAMILY = "1,2";
			};
			name = Debug;
		};
		F408762A1E1D508B003BF9A9 /* Release */ = {
			isa = XCBuildConfiguration;
			buildSettings = {
				ALWAYS_SEARCH_USER_PATHS = NO;
				CLANG_ANALYZER_NONNULL = YES;
				CLANG_CXX_LANGUAGE_STANDARD = "gnu++0x";
				CLANG_CXX_LIBRARY = "libc++";
				CLANG_ENABLE_MODULES = YES;
				CLANG_ENABLE_OBJC_ARC = YES;
				CLANG_WARN_BOOL_CONVERSION = YES;
				CLANG_WARN_CONSTANT_CONVERSION = YES;
				CLANG_WARN_DIRECT_OBJC_ISA_USAGE = YES_ERROR;
				CLANG_WARN_DOCUMENTATION_COMMENTS = YES;
				CLANG_WARN_EMPTY_BODY = YES;
				CLANG_WARN_ENUM_CONVERSION = YES;
				CLANG_WARN_INFINITE_RECURSION = YES;
				CLANG_WARN_INT_CONVERSION = YES;
				CLANG_WARN_OBJC_ROOT_CLASS = YES_ERROR;
				CLANG_WARN_SUSPICIOUS_MOVE = YES;
				CLANG_WARN_UNREACHABLE_CODE = YES;
				CLANG_WARN__DUPLICATE_METHOD_MATCH = YES;
				"CODE_SIGN_IDENTITY[sdk=iphoneos*]" = "iPhone Developer";
				COPY_PHASE_STRIP = NO;
				DEBUG_INFORMATION_FORMAT = "dwarf-with-dsym";
				ENABLE_NS_ASSERTIONS = NO;
				ENABLE_STRICT_OBJC_MSGSEND = YES;
				GCC_C_LANGUAGE_STANDARD = gnu99;
				GCC_NO_COMMON_BLOCKS = YES;
				GCC_WARN_64_TO_32_BIT_CONVERSION = YES;
				GCC_WARN_ABOUT_RETURN_TYPE = YES_ERROR;
				GCC_WARN_UNDECLARED_SELECTOR = YES;
				GCC_WARN_UNINITIALIZED_AUTOS = YES_AGGRESSIVE;
				GCC_WARN_UNUSED_FUNCTION = YES;
				GCC_WARN_UNUSED_VARIABLE = YES;
				IPHONEOS_DEPLOYMENT_TARGET = 9.0;
				MTL_ENABLE_DEBUG_INFO = NO;
				SDKROOT = iphoneos;
				SWIFT_OPTIMIZATION_LEVEL = "-Owholemodule";
				TARGETED_DEVICE_FAMILY = "1,2";
				VALIDATE_PRODUCT = YES;
			};
			name = Release;
		};
		F408762C1E1D508B003BF9A9 /* Debug */ = {
			isa = XCBuildConfiguration;
			baseConfigurationReference = 935344F18BF9F35A0B45B985 /* Pods-Weather.debug.xcconfig */;
			buildSettings = {
				ASSETCATALOG_COMPILER_APPICON_NAME = AppIcon;
				"DEBUG_INFORMATION_FORMAT[sdk=iphoneos*]" = "dwarf-with-dsym";
				"DEBUG_INFORMATION_FORMAT[sdk=iphonesimulator*]" = dwarf;
				DEVELOPMENT_TEAM = 2J52VZUHYB;
				INFOPLIST_FILE = Weather/Info.plist;
				LD_RUNPATH_SEARCH_PATHS = "$(inherited) @executable_path/Frameworks";
				PRODUCT_BUNDLE_IDENTIFIER = "fr.stephane-azzopardi.Weather";
				PRODUCT_NAME = "$(TARGET_NAME)";
				SWIFT_VERSION = 3.0;
			};
			name = Debug;
		};
		F408762D1E1D508B003BF9A9 /* Release */ = {
			isa = XCBuildConfiguration;
			baseConfigurationReference = A9EF98C5C9659F6D8548D006 /* Pods-Weather.release.xcconfig */;
			buildSettings = {
				ASSETCATALOG_COMPILER_APPICON_NAME = AppIcon;
				DEVELOPMENT_TEAM = 2J52VZUHYB;
				INFOPLIST_FILE = Weather/Info.plist;
				LD_RUNPATH_SEARCH_PATHS = "$(inherited) @executable_path/Frameworks";
				PRODUCT_BUNDLE_IDENTIFIER = "fr.stephane-azzopardi.Weather";
				PRODUCT_NAME = "$(TARGET_NAME)";
				SWIFT_VERSION = 3.0;
			};
			name = Release;
		};
/* End XCBuildConfiguration section */

/* Begin XCConfigurationList section */
		F40876141E1D508B003BF9A9 /* Build configuration list for PBXProject "Weather" */ = {
			isa = XCConfigurationList;
			buildConfigurations = (
				F40876291E1D508B003BF9A9 /* Debug */,
				F408762A1E1D508B003BF9A9 /* Release */,
			);
			defaultConfigurationIsVisible = 0;
			defaultConfigurationName = Release;
		};
		F408762B1E1D508B003BF9A9 /* Build configuration list for PBXNativeTarget "Weather" */ = {
			isa = XCConfigurationList;
			buildConfigurations = (
				F408762C1E1D508B003BF9A9 /* Debug */,
				F408762D1E1D508B003BF9A9 /* Release */,
			);
			defaultConfigurationIsVisible = 0;
			defaultConfigurationName = Release;
		};
/* End XCConfigurationList section */
	};
	rootObject = F40876111E1D508B003BF9A9 /* Project object */;
}
